
Microsoft Visual Studio Solution File, Format Version 12.00
# Visual Studio Version 16
VisualStudioVersion = 16.0.31321.278
MinimumVisualStudioVersion = 10.0.40219.1
Project("{FAE04EC0-301F-11D3-BF4B-00C04F79EFBC}") = "FirstDockerApp", "FirstDockerApp.csproj", "{B82C0904-5802-48B2-9A6A-ACCCDCC0B8BB}"
EndProject
Global
	GlobalSection(SolutionConfigurationPlatforms) = preSolution
		Debug|Any CPU = Debug|Any CPU
		Release|Any CPU = Release|Any CPU
	EndGlobalSection
	GlobalSection(ProjectConfigurationPlatforms) = postSolution
		{B82C0904-5802-48B2-9A6A-ACCCDCC0B8BB}.Debug|Any CPU.ActiveCfg = Debug|Any CPU
		{B82C0904-5802-48B2-9A6A-ACCCDCC0B8BB}.Debug|Any CPU.Build.0 = Debug|Any CPU
		{B82C0904-5802-48B2-9A6A-ACCCDCC0B8BB}.Release|Any CPU.ActiveCfg = Release|Any CPU
		{B82C0904-5802-48B2-9A6A-ACCCDCC0B8BB}.Release|Any CPU.Build.0 = Release|Any CPU
	EndGlobalSection
	GlobalSection(SolutionProperties) = preSolution
		HideSolutionNode = FALSE
	EndGlobalSection
	GlobalSection(ExtensibilityGlobals) = postSolution
		SolutionGuid = {D78E731B-D84C-44D2-AE60-0A36990729B8}
	EndGlobalSection
EndGlobal
